
Microsoft Visual Studio Solution File, Format Version 12.00
# Visual Studio 15
VisualStudioVersion = 15.0.25807.0
MinimumVisualStudioVersion = 10.0.40219.1
Project("{2150E333-8FDC-42A3-9474-1A3956D46DE8}") = "Engine", "Engine", "{4BCC524F-3AEB-4506-ACEA-E7D4252341FD}"
EndProject
Project("{2150E333-8FDC-42A3-9474-1A3956D46DE8}") = "Games", "Games", "{D91B9FEB-A156-45CB-B907-AB883059C084}"
EndProject
Project("{8BC9CEB8-8B4A-11D0-8D11-00A0C91BC942}") = "UE4", "Intermediate\ProjectFiles\UE4.vcxproj", "{23272C6B-54EB-41E9-8874-A5154D87EFD7}"
EndProject
Project("{8BC9CEB8-8B4A-11D0-8D11-00A0C91BC942}") = "BuildingEscape", "Intermediate\ProjectFiles\BuildingEscape.vcxproj", "{5B7D0C6B-5B15-46E4-BB35-47A80DE5045C}"
EndProject
Global
	GlobalSection(SolutionConfigurationPlatforms) = preSolution
		DebugGame Editor|HTML5 = DebugGame Editor|HTML5
		DebugGame Editor|Win32 = DebugGame Editor|Win32
		DebugGame Editor|Win64 = DebugGame Editor|Win64
		DebugGame|HTML5 = DebugGame|HTML5
		DebugGame|Win32 = DebugGame|Win32
		DebugGame|Win64 = DebugGame|Win64
		Development Editor|HTML5 = Development Editor|HTML5
		Development Editor|Win32 = Development Editor|Win32
		Development Editor|Win64 = Development Editor|Win64
		Development|HTML5 = Development|HTML5
		Development|Win32 = Development|Win32
		Development|Win64 = Development|Win64
		Shipping|HTML5 = Shipping|HTML5
		Shipping|Win32 = Shipping|Win32
		Shipping|Win64 = Shipping|Win64
	EndGlobalSection
	GlobalSection(ProjectConfigurationPlatforms) = postSolution
		{23272C6B-54EB-41E9-8874-A5154D87EFD7}.DebugGame Editor|HTML5.ActiveCfg = BuiltWithUnrealBuildTool|Win32
		{23272C6B-54EB-41E9-8874-A5154D87EFD7}.DebugGame Editor|HTML5.Build.0 = BuiltWithUnrealBuildTool|Win32
		{23272C6B-54EB-41E9-8874-A5154D87EFD7}.DebugGame Editor|Win32.ActiveCfg = BuiltWithUnrealBuildTool|Win32
		{23272C6B-54EB-41E9-8874-A5154D87EFD7}.DebugGame Editor|Win32.Build.0 = BuiltWithUnrealBuildTool|Win32
		{23272C6B-54EB-41E9-8874-A5154D87EFD7}.DebugGame Editor|Win64.ActiveCfg = BuiltWithUnrealBuildTool|Win32
		{23272C6B-54EB-41E9-8874-A5154D87EFD7}.DebugGame Editor|Win64.Build.0 = BuiltWithUnrealBuildTool|Win32
		{23272C6B-54EB-41E9-8874-A5154D87EFD7}.DebugGame|HTML5.ActiveCfg = BuiltWithUnrealBuildTool|Win32
		{23272C6B-54EB-41E9-8874-A5154D87EFD7}.DebugGame|HTML5.Build.0 = BuiltWithUnrealBuildTool|Win32
		{23272C6B-54EB-41E9-8874-A5154D87EFD7}.DebugGame|Win32.ActiveCfg = BuiltWithUnrealBuildTool|Win32
		{23272C6B-54EB-41E9-8874-A5154D87EFD7}.DebugGame|Win32.Build.0 = BuiltWithUnrealBuildTool|Win32
		{23272C6B-54EB-41E9-8874-A5154D87EFD7}.DebugGame|Win64.ActiveCfg = BuiltWithUnrealBuildTool|Win32
		{23272C6B-54EB-41E9-8874-A5154D87EFD7}.DebugGame|Win64.Build.0 = BuiltWithUnrealBuildTool|Win32
		{23272C6B-54EB-41E9-8874-A5154D87EFD7}.Development Editor|HTML5.ActiveCfg = BuiltWithUnrealBuildTool|Win32
		{23272C6B-54EB-41E9-8874-A5154D87EFD7}.Development Editor|HTML5.Build.0 = BuiltWithUnrealBuildTool|Win32
		{23272C6B-54EB-41E9-8874-A5154D87EFD7}.Development Editor|Win32.ActiveCfg = BuiltWithUnrealBuildTool|Win32
		{23272C6B-54EB-41E9-8874-A5154D87EFD7}.Development Editor|Win32.Build.0 = BuiltWithUnrealBuildTool|Win32
		{23272C6B-54EB-41E9-8874-A5154D87EFD7}.Development Editor|Win64.ActiveCfg = BuiltWithUnrealBuildTool|Win32
		{23272C6B-54EB-41E9-8874-A5154D87EFD7}.Development Editor|Win64.Build.0 = BuiltWithUnrealBuildTool|Win32
		{23272C6B-54EB-41E9-8874-A5154D87EFD7}.Development|HTML5.ActiveCfg = BuiltWithUnrealBuildTool|Win32
		{23272C6B-54EB-41E9-8874-A5154D87EFD7}.Development|HTML5.Build.0 = BuiltWithUnrealBuildTool|Win32
		{23272C6B-54EB-41E9-8874-A5154D87EFD7}.Development|Win32.ActiveCfg = BuiltWithUnrealBuildTool|Win32
		{23272C6B-54EB-41E9-8874-A5154D87EFD7}.Development|Win32.Build.0 = BuiltWithUnrealBuildTool|Win32
		{23272C6B-54EB-41E9-8874-A5154D87EFD7}.Development|Win64.ActiveCfg = BuiltWithUnrealBuildTool|Win32
		{23272C6B-54EB-41E9-8874-A5154D87EFD7}.Development|Win64.Build.0 = BuiltWithUnrealBuildTool|Win32
		{23272C6B-54EB-41E9-8874-A5154D87EFD7}.Shipping|HTML5.ActiveCfg = BuiltWithUnrealBuildTool|Win32
		{23272C6B-54EB-41E9-8874-A5154D87EFD7}.Shipping|HTML5.Build.0 = BuiltWithUnrealBuildTool|Win32
		{23272C6B-54EB-41E9-8874-A5154D87EFD7}.Shipping|Win32.ActiveCfg = BuiltWithUnrealBuildTool|Win32
		{23272C6B-54EB-41E9-8874-A5154D87EFD7}.Shipping|Win32.Build.0 = BuiltWithUnrealBuildTool|Win32
		{23272C6B-54EB-41E9-8874-A5154D87EFD7}.Shipping|Win64.ActiveCfg = BuiltWithUnrealBuildTool|Win32
		{23272C6B-54EB-41E9-8874-A5154D87EFD7}.Shipping|Win64.Build.0 = BuiltWithUnrealBuildTool|Win32
		{5B7D0C6B-5B15-46E4-BB35-47A80DE5045C}.DebugGame Editor|HTML5.ActiveCfg = HTML5_DebugGame_Editor|Win32
		{5B7D0C6B-5B15-46E4-BB35-47A80DE5045C}.DebugGame Editor|Win32.ActiveCfg = DebugGame_Editor|Win32
		{5B7D0C6B-5B15-46E4-BB35-47A80DE5045C}.DebugGame Editor|Win64.ActiveCfg = DebugGame_Editor|x64
		{5B7D0C6B-5B15-46E4-BB35-47A80DE5045C}.DebugGame Editor|Win64.Build.0 = DebugGame_Editor|x64
		{5B7D0C6B-5B15-46E4-BB35-47A80DE5045C}.DebugGame|HTML5.ActiveCfg = HTML5_DebugGame_Game|Win32
		{5B7D0C6B-5B15-46E4-BB35-47A80DE5045C}.DebugGame|HTML5.Build.0 = HTML5_DebugGame_Game|Win32
		{5B7D0C6B-5B15-46E4-BB35-47A80DE5045C}.DebugGame|Win32.ActiveCfg = DebugGame_Game|Win32
		{5B7D0C6B-5B15-46E4-BB35-47A80DE5045C}.DebugGame|Win32.Build.0 = DebugGame_Game|Win32
		{5B7D0C6B-5B15-46E4-BB35-47A80DE5045C}.DebugGame|Win64.ActiveCfg = DebugGame_Game|x64
		{5B7D0C6B-5B15-46E4-BB35-47A80DE5045C}.DebugGame|Win64.Build.0 = DebugGame_Game|x64
		{5B7D0C6B-5B15-46E4-BB35-47A80DE5045C}.Development Editor|HTML5.ActiveCfg = HTML5_Development_Editor|Win32
		{5B7D0C6B-5B15-46E4-BB35-47A80DE5045C}.Development Editor|Win32.ActiveCfg = Development_Editor|Win32
		{5B7D0C6B-5B15-46E4-BB35-47A80DE5045C}.Development Editor|Win64.ActiveCfg = Development_Editor|x64
		{5B7D0C6B-5B15-46E4-BB35-47A80DE5045C}.Development Editor|Win64.Build.0 = Development_Editor|x64
		{5B7D0C6B-5B15-46E4-BB35-47A80DE5045C}.Development|HTML5.ActiveCfg = HTML5_Development_Game|Win32
		{5B7D0C6B-5B15-46E4-BB35-47A80DE5045C}.Development|HTML5.Build.0 = HTML5_Development_Game|Win32
		{5B7D0C6B-5B15-46E4-BB35-47A80DE5045C}.Development|Win32.ActiveCfg = Development_Game|Win32
		{5B7D0C6B-5B15-46E4-BB35-47A80DE5045C}.Development|Win32.Build.0 = Development_Game|Win32
		{5B7D0C6B-5B15-46E4-BB35-47A80DE5045C}.Development|Win64.ActiveCfg = Development_Game|x64
		{5B7D0C6B-5B15-46E4-BB35-47A80DE5045C}.Development|Win64.Build.0 = Development_Game|x64
		{5B7D0C6B-5B15-46E4-BB35-47A80DE5045C}.Shipping|HTML5.ActiveCfg = HTML5_Shipping_Game|Win32
		{5B7D0C6B-5B15-46E4-BB35-47A80DE5045C}.Shipping|HTML5.Build.0 = HTML5_Shipping_Game|Win32
		{5B7D0C6B-5B15-46E4-BB35-47A80DE5045C}.Shipping|Win32.ActiveCfg = Shipping_Game|Win32
		{5B7D0C6B-5B15-46E4-BB35-47A80DE5045C}.Shipping|Win32.Build.0 = Shipping_Game|Win32
		{5B7D0C6B-5B15-46E4-BB35-47A80DE5045C}.Shipping|Win64.ActiveCfg = Shipping_Game|x64
		{5B7D0C6B-5B15-46E4-BB35-47A80DE5045C}.Shipping|Win64.Build.0 = Shipping_Game|x64
	EndGlobalSection
	GlobalSection(SolutionProperties) = preSolution
		HideSolutionNode = FALSE
	EndGlobalSection
	GlobalSection(NestedProjects) = preSolution
		{23272C6B-54EB-41E9-8874-A5154D87EFD7} = {4BCC524F-3AEB-4506-ACEA-E7D4252341FD}
		{5B7D0C6B-5B15-46E4-BB35-47A80DE5045C} = {D91B9FEB-A156-45CB-B907-AB883059C084}
	EndGlobalSection
	GlobalSection(ExtensibilityGlobals) = postSolution
		SolutionGuid = {12F1C946-4DC2-4C93-AAF2-EA090E06D04E}
	EndGlobalSection
EndGlobal
